// !$*UTF8*$!
{
	archiveVersion = 1;
	classes = {
	};
	objectVersion = 46;
	objects = {

/* Begin PBXBuildFile section */
		3567A5921CD753A8002745D1 /* AppDelegate.swift in Sources */ = {isa = PBXBuildFile; fileRef = 3567A5911CD753A8002745D1 /* AppDelegate.swift */; };
		3567A5941CD753A8002745D1 /* ViewController.swift in Sources */ = {isa = PBXBuildFile; fileRef = 3567A5931CD753A8002745D1 /* ViewController.swift */; };
		3567A5971CD753A8002745D1 /* Main.storyboard in Resources */ = {isa = PBXBuildFile; fileRef = 3567A5951CD753A8002745D1 /* Main.storyboard */; };
		3567A5991CD753A8002745D1 /* Assets.xcassets in Resources */ = {isa = PBXBuildFile; fileRef = 3567A5981CD753A8002745D1 /* Assets.xcassets */; };
		3567A59C1CD753A8002745D1 /* LaunchScreen.storyboard in Resources */ = {isa = PBXBuildFile; fileRef = 3567A59A1CD753A8002745D1 /* LaunchScreen.storyboard */; };
/* End PBXBuildFile section */

/* Begin PBXFileReference section */
		3567A58E1CD753A8002745D1 /* Restofire-NYT.app */ = {isa = PBXFileReference; explicitFileType = wrapper.application; includeInIndex = 0; path = "Restofire-NYT.app"; sourceTree = BUILT_PRODUCTS_DIR; };
		3567A5911CD753A8002745D1 /* AppDelegate.swift */ = {isa = PBXFileReference; lastKnownFileType = sourcecode.swift; path = AppDelegate.swift; sourceTree = "<group>"; };
		3567A5931CD753A8002745D1 /* ViewController.swift */ = {isa = PBXFileReference; lastKnownFileType = sourcecode.swift; path = ViewController.swift; sourceTree = "<group>"; };
		3567A5961CD753A8002745D1 /* Base */ = {isa = PBXFileReference; lastKnownFileType = file.storyboard; name = Base; path = Base.lproj/Main.storyboard; sourceTree = "<group>"; };
		3567A5981CD753A8002745D1 /* Assets.xcassets */ = {isa = PBXFileReference; lastKnownFileType = folder.assetcatalog; path = Assets.xcassets; sourceTree = "<group>"; };
		3567A59B1CD753A8002745D1 /* Base */ = {isa = PBXFileReference; lastKnownFileType = file.storyboard; name = Base; path = Base.lproj/LaunchScreen.storyboard; sourceTree = "<group>"; };
		3567A59D1CD753A8002745D1 /* Info.plist */ = {isa = PBXFileReference; lastKnownFileType = text.plist.xml; path = Info.plist; sourceTree = "<group>"; };
/* End PBXFileReference section */

/* Begin PBXFrameworksBuildPhase section */
		3567A58B1CD753A8002745D1 /* Frameworks */ = {
			isa = PBXFrameworksBuildPhase;
			buildActionMask = 2147483647;
			files = (
			);
			runOnlyForDeploymentPostprocessing = 0;
		};
/* End PBXFrameworksBuildPhase section */

/* Begin PBXGroup section */
		3567A5851CD753A8002745D1 = {
			isa = PBXGroup;
			children = (
				3567A5901CD753A8002745D1 /* Restofire-NYT */,
				3567A58F1CD753A8002745D1 /* Products */,
			);
			sourceTree = "<group>";
		};
		3567A58F1CD753A8002745D1 /* Products */ = {
			isa = PBXGroup;
			children = (
				3567A58E1CD753A8002745D1 /* Restofire-NYT.app */,
			);
			name = Products;
			sourceTree = "<group>";
		};
		3567A5901CD753A8002745D1 /* Restofire-NYT */ = {
			isa = PBXGroup;
			children = (
				3567A5911CD753A8002745D1 /* AppDelegate.swift */,
				3567A5931CD753A8002745D1 /* ViewController.swift */,
				3567A5951CD753A8002745D1 /* Main.storyboard */,
				3567A5981CD753A8002745D1 /* Assets.xcassets */,
				3567A59A1CD753A8002745D1 /* LaunchScreen.storyboard */,
				3567A59D1CD753A8002745D1 /* Info.plist */,
			);
			path = "Restofire-NYT";
			sourceTree = "<group>";
		};
/* End PBXGroup section */

/* Begin PBXNativeTarget section */
		3567A58D1CD753A8002745D1 /* Restofire-NYT */ = {
			isa = PBXNativeTarget;
			buildConfigurationList = 3567A5A01CD753A8002745D1 /* Build configuration list for PBXNativeTarget "Restofire-NYT" */;
			buildPhases = (
				3567A58A1CD753A8002745D1 /* Sources */,
				3567A58B1CD753A8002745D1 /* Frameworks */,
				3567A58C1CD753A8002745D1 /* Resources */,
			);
			buildRules = (
			);
			dependencies = (
			);
			name = "Restofire-NYT";
			productName = "Restofire-NYT";
			productReference = 3567A58E1CD753A8002745D1 /* Restofire-NYT.app */;
			productType = "com.apple.product-type.application";
		};
/* End PBXNativeTarget section */

/* Begin PBXProject section */
		3567A5861CD753A8002745D1 /* Project object */ = {
			isa = PBXProject;
			attributes = {
				LastSwiftUpdateCheck = 0730;
				LastUpgradeCheck = 0730;
				ORGANIZATIONNAME = "Rahul Katariya";
				TargetAttributes = {
					3567A58D1CD753A8002745D1 = {
						CreatedOnToolsVersion = 7.3;
					};
				};
			};
			buildConfigurationList = 3567A5891CD753A8002745D1 /* Build configuration list for PBXProject "Restofire-NYT" */;
			compatibilityVersion = "Xcode 3.2";
			developmentRegion = English;
			hasScannedForEncodings = 0;
			knownRegions = (
				en,
				Base,
			);
			mainGroup = 3567A5851CD753A8002745D1;
			productRefGroup = 3567A58F1CD753A8002745D1 /* Products */;
			projectDirPath = "";
			projectRoot = "";
			targets = (
				3567A58D1CD753A8002745D1 /* Restofire-NYT */,
			);
		};
/* End PBXProject section */

/* Begin PBXResourcesBuildPhase section */
		3567A58C1CD753A8002745D1 /* Resources */ = {
			isa = PBXResourcesBuildPhase;
			buildActionMask = 2147483647;
			files = (
				3567A59C1CD753A8002745D1 /* LaunchScreen.storyboard in Resources */,
				3567A5991CD753A8002745D1 /* Assets.xcassets in Resources */,
				3567A5971CD753A8002745D1 /* Main.storyboard in Resources */,
			);
			runOnlyForDeploymentPostprocessing = 0;
		};
/* End PBXResourcesBuildPhase section */

/* Begin PBXSourcesBuildPhase section */
		3567A58A1CD753A8002745D1 /* Sources */ = {
			isa = PBXSourcesBuildPhase;
			buildActionMask = 2147483647;
			files = (
				3567A5941CD753A8002745D1 /* ViewController.swift in Sources */,
				3567A5921CD753A8002745D1 /* AppDelegate.swift in Sources */,
			);
			runOnlyForDeploymentPostprocessing = 0;
		};
/* End PBXSourcesBuildPhase section */

/* Begin PBXVariantGroup section */
		3567A5951CD753A8002745D1 /* Main.storyboard */ = {
			isa = PBXVariantGroup;
			children = (
				3567A5961CD753A8002745D1 /* Base */,
			);
			name = Main.storyboard;
			sourceTree = "<group>";
		};
		3567A59A1CD753A8002745D1 /* LaunchScreen.storyboard */ = {
			isa = PBXVariantGroup;
			children = (
				3567A59B1CD753A8002745D1 /* Base */,
			);
			name = LaunchScreen.storyboard;
			sourceTree = "<group>";
		};
/* End PBXVariantGroup section */

/* Begin XCBuildConfiguration section */
		3567A59E1CD753A8002745D1 /* Debug */ = {
			isa = XCBuildConfiguration;
			buildSettings = {
				ALWAYS_SEARCH_USER_PATHS = NO;
				CLANG_ANALYZER_NONNULL = YES;
				CLANG_CXX_LANGUAGE_STANDARD = "gnu++0x";
				CLANG_CXX_LIBRARY = "libc++";
				CLANG_ENABLE_MODULES = YES;
				CLANG_ENABLE_OBJC_ARC = YES;
				CLANG_WARN_BOOL_CONVERSION = YES;
				CLANG_WARN_CONSTANT_CONVERSION = YES;
				CLANG_WARN_DIRECT_OBJC_ISA_USAGE = YES_ERROR;
				CLANG_WARN_EMPTY_BODY = YES;
				CLANG_WARN_ENUM_CONVERSION = YES;
				CLANG_WARN_INT_CONVERSION = YES;
				CLANG_WARN_OBJC_ROOT_CLASS = YES_ERROR;
				CLANG_WARN_UNREACHABLE_CODE = YES;
				CLANG_WARN__DUPLICATE_METHOD_MATCH = YES;
				"CODE_SIGN_IDENTITY[sdk=iphoneos*]" = "iPhone Developer";
				COPY_PHASE_STRIP = NO;
				DEBUG_INFORMATION_FORMAT = dwarf;
				ENABLE_STRICT_OBJC_MSGSEND = YES;
				ENABLE_TESTABILITY = YES;
				GCC_C_LANGUAGE_STANDARD = gnu99;
				GCC_DYNAMIC_NO_PIC = NO;
				GCC_NO_COMMON_BLOCKS = YES;
				GCC_OPTIMIZATION_LEVEL = 0;
				GCC_PREPROCESSOR_DEFINITIONS = (
					"DEBUG=1",
					"$(inherited)",
				);
				GCC_WARN_64_TO_32_BIT_CONVERSION = YES;
				GCC_WARN_ABOUT_RETURN_TYPE = YES_ERROR;
				GCC_WARN_UNDECLARED_SELECTOR = YES;
				GCC_WARN_UNINITIALIZED_AUTOS = YES_AGGRESSIVE;
				GCC_WARN_UNUSED_FUNCTION = YES;
				GCC_WARN_UNUSED_VARIABLE = YES;
				IPHONEOS_DEPLOYMENT_TARGET = 9.3;
				MTL_ENABLE_DEBUG_INFO = YES;
				ONLY_ACTIVE_ARCH = YES;
				SDKROOT = iphoneos;
				SWIFT_OPTIMIZATION_LEVEL = "-Onone";
			};
			name = Debug;
		};
		3567A59F1CD753A8002745D1 /* Release */ = {
			isa = XCBuildConfiguration;
			buildSettings = {
				ALWAYS_SEARCH_USER_PATHS = NO;
				CLANG_ANALYZER_NONNULL = YES;
				CLANG_CXX_LANGUAGE_STANDARD = "gnu++0x";
				CLANG_CXX_LIBRARY = "libc++";
				CLANG_ENABLE_MODULES = YES;
				CLANG_ENABLE_OBJC_ARC = YES;
				CLANG_WARN_BOOL_CONVERSION = YES;
				CLANG_WARN_CONSTANT_CONVERSION = YES;
				CLANG_WARN_DIRECT_OBJC_ISA_USAGE = YES_ERROR;
				CLANG_WARN_EMPTY_BODY = YES;
				CLANG_WARN_ENUM_CONVERSION = YES;
				CLANG_WARN_INT_CONVERSION = YES;
				CLANG_WARN_OBJC_ROOT_CLASS = YES_ERROR;
				CLANG_WARN_UNREACHABLE_CODE = YES;
				CLANG_WARN__DUPLICATE_METHOD_MATCH = YES;
				"CODE_SIGN_IDENTITY[sdk=iphoneos*]" = "iPhone Developer";
				COPY_PHASE_STRIP = NO;
				DEBUG_INFORMATION_FORMAT = "dwarf-with-dsym";
				ENABLE_NS_ASSERTIONS = NO;
				ENABLE_STRICT_OBJC_MSGSEND = YES;
				GCC_C_LANGUAGE_STANDARD = gnu99;
				GCC_NO_COMMON_BLOCKS = YES;
				GCC_WARN_64_TO_32_BIT_CONVERSION = YES;
				GCC_WARN_ABOUT_RETURN_TYPE = YES_ERROR;
				GCC_WARN_UNDECLARED_SELECTOR = YES;
				GCC_WARN_UNINITIALIZED_AUTOS = YES_AGGRESSIVE;
				GCC_WARN_UNUSED_FUNCTION = YES;
				GCC_WARN_UNUSED_VARIABLE = YES;
				IPHONEOS_DEPLOYMENT_TARGET = 9.3;
				MTL_ENABLE_DEBUG_INFO = NO;
				SDKROOT = iphoneos;
				VALIDATE_PRODUCT = YES;
			};
			name = Release;
		};
		3567A5A11CD753A8002745D1 /* Debug */ = {
			isa = XCBuildConfiguration;
			buildSettings = {
				ASSETCATALOG_COMPILER_APPICON_NAME = AppIcon;
				INFOPLIST_FILE = "Restofire-NYT/Info.plist";
				LD_RUNPATH_SEARCH_PATHS = "$(inherited) @executable_path/Frameworks";
				PRODUCT_BUNDLE_IDENTIFIER = "com.rahulkatariya.Restofire-NYT";
				PRODUCT_NAME = "$(TARGET_NAME)";
			};
			name = Debug;
		};
		3567A5A21CD753A8002745D1 /* Release */ = {
			isa = XCBuildConfiguration;
			buildSettings = {
				ASSETCATALOG_COMPILER_APPICON_NAME = AppIcon;
				INFOPLIST_FILE = "Restofire-NYT/Info.plist";
				LD_RUNPATH_SEARCH_PATHS = "$(inherited) @executable_path/Frameworks";
				PRODUCT_BUNDLE_IDENTIFIER = "com.rahulkatariya.Restofire-NYT";
				PRODUCT_NAME = "$(TARGET_NAME)";
			};
			name = Release;
		};
/* End XCBuildConfiguration section */

/* Begin XCConfigurationList section */
		3567A5891CD753A8002745D1 /* Build configuration list for PBXProject "Restofire-NYT" */ = {
			isa = XCConfigurationList;
			buildConfigurations = (
				3567A59E1CD753A8002745D1 /* Debug */,
				3567A59F1CD753A8002745D1 /* Release */,
			);
			defaultConfigurationIsVisible = 0;
			defaultConfigurationName = Release;
		};
		3567A5A01CD753A8002745D1 /* Build configuration list for PBXNativeTarget "Restofire-NYT" */ = {
			isa = XCConfigurationList;
			buildConfigurations = (
				3567A5A11CD753A8002745D1 /* Debug */,
				3567A5A21CD753A8002745D1 /* Release */,
			);
			defaultConfigurationIsVisible = 0;
		};
/* End XCConfigurationList section */
	};
	rootObject = 3567A5861CD753A8002745D1 /* Project object */;
}
