// !$*UTF8*$!
{
	archiveVersion = 1;
	classes = {
	};
	objectVersion = 46;
	objects = {

/* Begin PBXBuildFile section */
		1BDEF343509CB0E99950BC13 /* Pods_Restofire_NYT.framework in Frameworks */ = {isa = PBXBuildFile; fileRef = 53782A2FBFA679BE115C7445 /* Pods_Restofire_NYT.framework */; };
		3567A5921CD753A8002745D1 /* AppDelegate.swift in Sources */ = {isa = PBXBuildFile; fileRef = 3567A5911CD753A8002745D1 /* AppDelegate.swift */; };
		3567A5971CD753A8002745D1 /* Main.storyboard in Resources */ = {isa = PBXBuildFile; fileRef = 3567A5951CD753A8002745D1 /* Main.storyboard */; };
		3567A5991CD753A8002745D1 /* Assets.xcassets in Resources */ = {isa = PBXBuildFile; fileRef = 3567A5981CD753A8002745D1 /* Assets.xcassets */; };
		3567A59C1CD753A8002745D1 /* LaunchScreen.storyboard in Resources */ = {isa = PBXBuildFile; fileRef = 3567A59A1CD753A8002745D1 /* LaunchScreen.storyboard */; };
		3567A5A51CD765C4002745D1 /* MoviesReviewService+GET.swift in Sources */ = {isa = PBXBuildFile; fileRef = 3567A5A41CD765C4002745D1 /* MoviesReviewService+GET.swift */; };
		3567A5AA1CD765FD002745D1 /* MovieReview.swift in Sources */ = {isa = PBXBuildFile; fileRef = 3567A5A91CD765FD002745D1 /* MovieReview.swift */; };
		3567A5AC1CD76F8E002745D1 /* MoviesReviewTableViewController.swift in Sources */ = {isa = PBXBuildFile; fileRef = 3567A5AB1CD76F8E002745D1 /* MoviesReviewTableViewController.swift */; };
		3567A5AE1CD77399002745D1 /* MovieReviewTableViewCell.swift in Sources */ = {isa = PBXBuildFile; fileRef = 3567A5AD1CD77399002745D1 /* MovieReviewTableViewCell.swift */; };
/* End PBXBuildFile section */

/* Begin PBXFileReference section */
		3567A58E1CD753A8002745D1 /* Restofire-NYT.app */ = {isa = PBXFileReference; explicitFileType = wrapper.application; includeInIndex = 0; path = "Restofire-NYT.app"; sourceTree = BUILT_PRODUCTS_DIR; };
		3567A5911CD753A8002745D1 /* AppDelegate.swift */ = {isa = PBXFileReference; lastKnownFileType = sourcecode.swift; path = AppDelegate.swift; sourceTree = "<group>"; };
		3567A5961CD753A8002745D1 /* Base */ = {isa = PBXFileReference; lastKnownFileType = file.storyboard; name = Base; path = Base.lproj/Main.storyboard; sourceTree = "<group>"; };
		3567A5981CD753A8002745D1 /* Assets.xcassets */ = {isa = PBXFileReference; lastKnownFileType = folder.assetcatalog; path = Assets.xcassets; sourceTree = "<group>"; };
		3567A59B1CD753A8002745D1 /* Base */ = {isa = PBXFileReference; lastKnownFileType = file.storyboard; name = Base; path = Base.lproj/LaunchScreen.storyboard; sourceTree = "<group>"; };
		3567A59D1CD753A8002745D1 /* Info.plist */ = {isa = PBXFileReference; lastKnownFileType = text.plist.xml; path = Info.plist; sourceTree = "<group>"; };
		3567A5A41CD765C4002745D1 /* MoviesReviewService+GET.swift */ = {isa = PBXFileReference; fileEncoding = 4; lastKnownFileType = sourcecode.swift; path = "MoviesReviewService+GET.swift"; sourceTree = "<group>"; };
		3567A5A91CD765FD002745D1 /* MovieReview.swift */ = {isa = PBXFileReference; fileEncoding = 4; lastKnownFileType = sourcecode.swift; path = MovieReview.swift; sourceTree = "<group>"; };
		3567A5AB1CD76F8E002745D1 /* MoviesReviewTableViewController.swift */ = {isa = PBXFileReference; fileEncoding = 4; lastKnownFileType = sourcecode.swift; path = MoviesReviewTableViewController.swift; sourceTree = "<group>"; };
		3567A5AD1CD77399002745D1 /* MovieReviewTableViewCell.swift */ = {isa = PBXFileReference; fileEncoding = 4; lastKnownFileType = sourcecode.swift; path = MovieReviewTableViewCell.swift; sourceTree = "<group>"; };
		53782A2FBFA679BE115C7445 /* Pods_Restofire_NYT.framework */ = {isa = PBXFileReference; explicitFileType = wrapper.framework; includeInIndex = 0; path = Pods_Restofire_NYT.framework; sourceTree = BUILT_PRODUCTS_DIR; };
		AF46506277C661D480F5FBA5 /* Pods-Restofire-NYT.debug.xcconfig */ = {isa = PBXFileReference; includeInIndex = 1; lastKnownFileType = text.xcconfig; name = "Pods-Restofire-NYT.debug.xcconfig"; path = "Pods/Target Support Files/Pods-Restofire-NYT/Pods-Restofire-NYT.debug.xcconfig"; sourceTree = "<group>"; };
		EFB8C70A1B22F3BBAA30622C /* Pods-Restofire-NYT.release.xcconfig */ = {isa = PBXFileReference; includeInIndex = 1; lastKnownFileType = text.xcconfig; name = "Pods-Restofire-NYT.release.xcconfig"; path = "Pods/Target Support Files/Pods-Restofire-NYT/Pods-Restofire-NYT.release.xcconfig"; sourceTree = "<group>"; };
/* End PBXFileReference section */

/* Begin PBXFrameworksBuildPhase section */
		3567A58B1CD753A8002745D1 /* Frameworks */ = {
			isa = PBXFrameworksBuildPhase;
			buildActionMask = 2147483647;
			files = (
				1BDEF343509CB0E99950BC13 /* Pods_Restofire_NYT.framework in Frameworks */,
			);
			runOnlyForDeploymentPostprocessing = 0;
		};
/* End PBXFrameworksBuildPhase section */

/* Begin PBXGroup section */
		134AC4B0554CB5CEF2C0FCF2 /* Frameworks */ = {
			isa = PBXGroup;
			children = (
				53782A2FBFA679BE115C7445 /* Pods_Restofire_NYT.framework */,
			);
			name = Frameworks;
			sourceTree = "<group>";
		};
		3567A5851CD753A8002745D1 = {
			isa = PBXGroup;
			children = (
				3567A5901CD753A8002745D1 /* Restofire-NYT */,
				3567A58F1CD753A8002745D1 /* Products */,
				E01F4A6C7BF622A3B10A0A24 /* Pods */,
				134AC4B0554CB5CEF2C0FCF2 /* Frameworks */,
			);
			sourceTree = "<group>";
		};
		3567A58F1CD753A8002745D1 /* Products */ = {
			isa = PBXGroup;
			children = (
				3567A58E1CD753A8002745D1 /* Restofire-NYT.app */,
			);
			name = Products;
			sourceTree = "<group>";
		};
		3567A5901CD753A8002745D1 /* Restofire-NYT */ = {
			isa = PBXGroup;
			children = (
				3567A5911CD753A8002745D1 /* AppDelegate.swift */,
				3567A5951CD753A8002745D1 /* Main.storyboard */,
				3567A5AF1CD7808B002745D1 /* MoviesReview */,
				3567A5A81CD765FD002745D1 /* Realm */,
				3567A5A31CD76571002745D1 /* Services */,
				3567A5981CD753A8002745D1 /* Assets.xcassets */,
				3567A59A1CD753A8002745D1 /* LaunchScreen.storyboard */,
				3567A59D1CD753A8002745D1 /* Info.plist */,
			);
			path = "Restofire-NYT";
			sourceTree = "<group>";
		};
		3567A5A31CD76571002745D1 /* Services */ = {
			isa = PBXGroup;
			children = (
				3567A5A41CD765C4002745D1 /* MoviesReviewService+GET.swift */,
			);
			path = Services;
			sourceTree = "<group>";
		};
		3567A5A81CD765FD002745D1 /* Realm */ = {
			isa = PBXGroup;
			children = (
				3567A5A91CD765FD002745D1 /* MovieReview.swift */,
			);
			path = Realm;
			sourceTree = "<group>";
		};
		3567A5AF1CD7808B002745D1 /* MoviesReview */ = {
			isa = PBXGroup;
			children = (
				3567A5AB1CD76F8E002745D1 /* MoviesReviewTableViewController.swift */,
				3567A5AD1CD77399002745D1 /* MovieReviewTableViewCell.swift */,
			);
			name = MoviesReview;
			sourceTree = "<group>";
		};
		E01F4A6C7BF622A3B10A0A24 /* Pods */ = {
			isa = PBXGroup;
			children = (
				AF46506277C661D480F5FBA5 /* Pods-Restofire-NYT.debug.xcconfig */,
				EFB8C70A1B22F3BBAA30622C /* Pods-Restofire-NYT.release.xcconfig */,
			);
			name = Pods;
			sourceTree = "<group>";
		};
/* End PBXGroup section */

/* Begin PBXNativeTarget section */
		3567A58D1CD753A8002745D1 /* Restofire-NYT */ = {
			isa = PBXNativeTarget;
			buildConfigurationList = 3567A5A01CD753A8002745D1 /* Build configuration list for PBXNativeTarget "Restofire-NYT" */;
			buildPhases = (
				B4845BB6E034EDEA90CF971D /* 📦 Check Pods Manifest.lock */,
				3567A58A1CD753A8002745D1 /* Sources */,
				3567A58B1CD753A8002745D1 /* Frameworks */,
				3567A58C1CD753A8002745D1 /* Resources */,
				62A65FFA76F95A395D30E94F /* 📦 Embed Pods Frameworks */,
				9479406C4CF7216957FD69E6 /* 📦 Copy Pods Resources */,
			);
			buildRules = (
			);
			dependencies = (
			);
			name = "Restofire-NYT";
			productName = "Restofire-NYT";
			productReference = 3567A58E1CD753A8002745D1 /* Restofire-NYT.app */;
			productType = "com.apple.product-type.application";
		};
/* End PBXNativeTarget section */

/* Begin PBXProject section */
		3567A5861CD753A8002745D1 /* Project object */ = {
			isa = PBXProject;
			attributes = {
				LastSwiftUpdateCheck = 0730;
				LastUpgradeCheck = 0730;
				ORGANIZATIONNAME = "Rahul Katariya";
				TargetAttributes = {
					3567A58D1CD753A8002745D1 = {
						CreatedOnToolsVersion = 7.3;
					};
				};
			};
			buildConfigurationList = 3567A5891CD753A8002745D1 /* Build configuration list for PBXProject "Restofire-NYT" */;
			compatibilityVersion = "Xcode 3.2";
			developmentRegion = English;
			hasScannedForEncodings = 0;
			knownRegions = (
				en,
				Base,
			);
			mainGroup = 3567A5851CD753A8002745D1;
			productRefGroup = 3567A58F1CD753A8002745D1 /* Products */;
			projectDirPath = "";
			projectRoot = "";
			targets = (
				3567A58D1CD753A8002745D1 /* Restofire-NYT */,
			);
		};
/* End PBXProject section */

/* Begin PBXResourcesBuildPhase section */
		3567A58C1CD753A8002745D1 /* Resources */ = {
			isa = PBXResourcesBuildPhase;
			buildActionMask = 2147483647;
			files = (
				3567A59C1CD753A8002745D1 /* LaunchScreen.storyboard in Resources */,
				3567A5991CD753A8002745D1 /* Assets.xcassets in Resources */,
				3567A5971CD753A8002745D1 /* Main.storyboard in Resources */,
			);
			runOnlyForDeploymentPostprocessing = 0;
		};
/* End PBXResourcesBuildPhase section */

/* Begin PBXShellScriptBuildPhase section */
		62A65FFA76F95A395D30E94F /* 📦 Embed Pods Frameworks */ = {
			isa = PBXShellScriptBuildPhase;
			buildActionMask = 2147483647;
			files = (
			);
			inputPaths = (
			);
			name = "📦 Embed Pods Frameworks";
			outputPaths = (
			);
			runOnlyForDeploymentPostprocessing = 0;
			shellPath = /bin/sh;
			shellScript = "\"${SRCROOT}/Pods/Target Support Files/Pods-Restofire-NYT/Pods-Restofire-NYT-frameworks.sh\"\n";
			showEnvVarsInLog = 0;
		};
		9479406C4CF7216957FD69E6 /* 📦 Copy Pods Resources */ = {
			isa = PBXShellScriptBuildPhase;
			buildActionMask = 2147483647;
			files = (
			);
			inputPaths = (
			);
			name = "📦 Copy Pods Resources";
			outputPaths = (
			);
			runOnlyForDeploymentPostprocessing = 0;
			shellPath = /bin/sh;
			shellScript = "\"${SRCROOT}/Pods/Target Support Files/Pods-Restofire-NYT/Pods-Restofire-NYT-resources.sh\"\n";
			showEnvVarsInLog = 0;
		};
		B4845BB6E034EDEA90CF971D /* 📦 Check Pods Manifest.lock */ = {
			isa = PBXShellScriptBuildPhase;
			buildActionMask = 2147483647;
			files = (
			);
			inputPaths = (
			);
			name = "📦 Check Pods Manifest.lock";
			outputPaths = (
			);
			runOnlyForDeploymentPostprocessing = 0;
			shellPath = /bin/sh;
			shellScript = "diff \"${PODS_ROOT}/../Podfile.lock\" \"${PODS_ROOT}/Manifest.lock\" > /dev/null\nif [[ $? != 0 ]] ; then\n    cat << EOM\nerror: The sandbox is not in sync with the Podfile.lock. Run 'pod install' or update your CocoaPods installation.\nEOM\n    exit 1\nfi\n";
			showEnvVarsInLog = 0;
		};
/* End PBXShellScriptBuildPhase section */

/* Begin PBXSourcesBuildPhase section */
		3567A58A1CD753A8002745D1 /* Sources */ = {
			isa = PBXSourcesBuildPhase;
			buildActionMask = 2147483647;
			files = (
				3567A5AE1CD77399002745D1 /* MovieReviewTableViewCell.swift in Sources */,
				3567A5AC1CD76F8E002745D1 /* MoviesReviewTableViewController.swift in Sources */,
				3567A5921CD753A8002745D1 /* AppDelegate.swift in Sources */,
				3567A5AA1CD765FD002745D1 /* MovieReview.swift in Sources */,
				3567A5A51CD765C4002745D1 /* MoviesReviewService+GET.swift in Sources */,
			);
			runOnlyForDeploymentPostprocessing = 0;
		};
/* End PBXSourcesBuildPhase section */

/* Begin PBXVariantGroup section */
		3567A5951CD753A8002745D1 /* Main.storyboard */ = {
			isa = PBXVariantGroup;
			children = (
				3567A5961CD753A8002745D1 /* Base */,
			);
			name = Main.storyboard;
			sourceTree = "<group>";
		};
		3567A59A1CD753A8002745D1 /* LaunchScreen.storyboard */ = {
			isa = PBXVariantGroup;
			children = (
				3567A59B1CD753A8002745D1 /* Base */,
			);
			name = LaunchScreen.storyboard;
			sourceTree = "<group>";
		};
/* End PBXVariantGroup section */

/* Begin XCBuildConfiguration section */
		3567A59E1CD753A8002745D1 /* Debug */ = {
			isa = XCBuildConfiguration;
			buildSettings = {
				ALWAYS_SEARCH_USER_PATHS = NO;
				CLANG_ANALYZER_NONNULL = YES;
				CLANG_CXX_LANGUAGE_STANDARD = "gnu++0x";
				CLANG_CXX_LIBRARY = "libc++";
				CLANG_ENABLE_MODULES = YES;
				CLANG_ENABLE_OBJC_ARC = YES;
				CLANG_WARN_BOOL_CONVERSION = YES;
				CLANG_WARN_CONSTANT_CONVERSION = YES;
				CLANG_WARN_DIRECT_OBJC_ISA_USAGE = YES_ERROR;
				CLANG_WARN_EMPTY_BODY = YES;
				CLANG_WARN_ENUM_CONVERSION = YES;
				CLANG_WARN_INT_CONVERSION = YES;
				CLANG_WARN_OBJC_ROOT_CLASS = YES_ERROR;
				CLANG_WARN_UNREACHABLE_CODE = YES;
				CLANG_WARN__DUPLICATE_METHOD_MATCH = YES;
				"CODE_SIGN_IDENTITY[sdk=iphoneos*]" = "iPhone Developer";
				COPY_PHASE_STRIP = NO;
				DEBUG_INFORMATION_FORMAT = dwarf;
				ENABLE_STRICT_OBJC_MSGSEND = YES;
				ENABLE_TESTABILITY = YES;
				GCC_C_LANGUAGE_STANDARD = gnu99;
				GCC_DYNAMIC_NO_PIC = NO;
				GCC_NO_COMMON_BLOCKS = YES;
				GCC_OPTIMIZATION_LEVEL = 0;
				GCC_PREPROCESSOR_DEFINITIONS = (
					"DEBUG=1",
					"$(inherited)",
				);
				GCC_WARN_64_TO_32_BIT_CONVERSION = YES;
				GCC_WARN_ABOUT_RETURN_TYPE = YES_ERROR;
				GCC_WARN_UNDECLARED_SELECTOR = YES;
				GCC_WARN_UNINITIALIZED_AUTOS = YES_AGGRESSIVE;
				GCC_WARN_UNUSED_FUNCTION = YES;
				GCC_WARN_UNUSED_VARIABLE = YES;
				IPHONEOS_DEPLOYMENT_TARGET = 9.3;
				MTL_ENABLE_DEBUG_INFO = YES;
				ONLY_ACTIVE_ARCH = YES;
				SDKROOT = iphoneos;
				SWIFT_OPTIMIZATION_LEVEL = "-Onone";
			};
			name = Debug;
		};
		3567A59F1CD753A8002745D1 /* Release */ = {
			isa = XCBuildConfiguration;
			buildSettings = {
				ALWAYS_SEARCH_USER_PATHS = NO;
				CLANG_ANALYZER_NONNULL = YES;
				CLANG_CXX_LANGUAGE_STANDARD = "gnu++0x";
				CLANG_CXX_LIBRARY = "libc++";
				CLANG_ENABLE_MODULES = YES;
				CLANG_ENABLE_OBJC_ARC = YES;
				CLANG_WARN_BOOL_CONVERSION = YES;
				CLANG_WARN_CONSTANT_CONVERSION = YES;
				CLANG_WARN_DIRECT_OBJC_ISA_USAGE = YES_ERROR;
				CLANG_WARN_EMPTY_BODY = YES;
				CLANG_WARN_ENUM_CONVERSION = YES;
				CLANG_WARN_INT_CONVERSION = YES;
				CLANG_WARN_OBJC_ROOT_CLASS = YES_ERROR;
				CLANG_WARN_UNREACHABLE_CODE = YES;
				CLANG_WARN__DUPLICATE_METHOD_MATCH = YES;
				"CODE_SIGN_IDENTITY[sdk=iphoneos*]" = "iPhone Developer";
				COPY_PHASE_STRIP = NO;
				DEBUG_INFORMATION_FORMAT = "dwarf-with-dsym";
				ENABLE_NS_ASSERTIONS = NO;
				ENABLE_STRICT_OBJC_MSGSEND = YES;
				GCC_C_LANGUAGE_STANDARD = gnu99;
				GCC_NO_COMMON_BLOCKS = YES;
				GCC_WARN_64_TO_32_BIT_CONVERSION = YES;
				GCC_WARN_ABOUT_RETURN_TYPE = YES_ERROR;
				GCC_WARN_UNDECLARED_SELECTOR = YES;
				GCC_WARN_UNINITIALIZED_AUTOS = YES_AGGRESSIVE;
				GCC_WARN_UNUSED_FUNCTION = YES;
				GCC_WARN_UNUSED_VARIABLE = YES;
				IPHONEOS_DEPLOYMENT_TARGET = 9.3;
				MTL_ENABLE_DEBUG_INFO = NO;
				SDKROOT = iphoneos;
				VALIDATE_PRODUCT = YES;
			};
			name = Release;
		};
		3567A5A11CD753A8002745D1 /* Debug */ = {
			isa = XCBuildConfiguration;
			baseConfigurationReference = AF46506277C661D480F5FBA5 /* Pods-Restofire-NYT.debug.xcconfig */;
			buildSettings = {
				ASSETCATALOG_COMPILER_APPICON_NAME = AppIcon;
				INFOPLIST_FILE = "Restofire-NYT/Info.plist";
				LD_RUNPATH_SEARCH_PATHS = "$(inherited) @executable_path/Frameworks";
				PRODUCT_BUNDLE_IDENTIFIER = "com.rahulkatariya.Restofire-NYT";
				PRODUCT_NAME = "$(TARGET_NAME)";
			};
			name = Debug;
		};
		3567A5A21CD753A8002745D1 /* Release */ = {
			isa = XCBuildConfiguration;
			baseConfigurationReference = EFB8C70A1B22F3BBAA30622C /* Pods-Restofire-NYT.release.xcconfig */;
			buildSettings = {
				ASSETCATALOG_COMPILER_APPICON_NAME = AppIcon;
				INFOPLIST_FILE = "Restofire-NYT/Info.plist";
				LD_RUNPATH_SEARCH_PATHS = "$(inherited) @executable_path/Frameworks";
				PRODUCT_BUNDLE_IDENTIFIER = "com.rahulkatariya.Restofire-NYT";
				PRODUCT_NAME = "$(TARGET_NAME)";
			};
			name = Release;
		};
/* End XCBuildConfiguration section */

/* Begin XCConfigurationList section */
		3567A5891CD753A8002745D1 /* Build configuration list for PBXProject "Restofire-NYT" */ = {
			isa = XCConfigurationList;
			buildConfigurations = (
				3567A59E1CD753A8002745D1 /* Debug */,
				3567A59F1CD753A8002745D1 /* Release */,
			);
			defaultConfigurationIsVisible = 0;
			defaultConfigurationName = Release;
		};
		3567A5A01CD753A8002745D1 /* Build configuration list for PBXNativeTarget "Restofire-NYT" */ = {
			isa = XCConfigurationList;
			buildConfigurations = (
				3567A5A11CD753A8002745D1 /* Debug */,
				3567A5A21CD753A8002745D1 /* Release */,
			);
			defaultConfigurationIsVisible = 0;
			defaultConfigurationName = Release;
		};
/* End XCConfigurationList section */
	};
	rootObject = 3567A5861CD753A8002745D1 /* Project object */;
}
